// !$*UTF8*$!
{
	archiveVersion = 1;
	classes = {
	};
	objectVersion = 46;
	objects = {

/* Begin PBXBuildFile section */
		C2916BF418866381005C150E /* Foundation.framework in Frameworks */ = {isa = PBXBuildFile; fileRef = C2916BF318866381005C150E /* Foundation.framework */; };
		C2916BF618866381005C150E /* CoreGraphics.framework in Frameworks */ = {isa = PBXBuildFile; fileRef = C2916BF518866381005C150E /* CoreGraphics.framework */; };
		C2916BF818866381005C150E /* UIKit.framework in Frameworks */ = {isa = PBXBuildFile; fileRef = C2916BF718866381005C150E /* UIKit.framework */; };
		C2916BFE18866381005C150E /* InfoPlist.strings in Resources */ = {isa = PBXBuildFile; fileRef = C2916BFC18866381005C150E /* InfoPlist.strings */; };
		C2916C0018866381005C150E /* main.m in Sources */ = {isa = PBXBuildFile; fileRef = C2916BFF18866381005C150E /* main.m */; };
		C2916C0418866381005C150E /* HAAppDelegate.m in Sources */ = {isa = PBXBuildFile; fileRef = C2916C0318866381005C150E /* HAAppDelegate.m */; };
		C2916C0718866381005C150E /* Main.storyboard in Resources */ = {isa = PBXBuildFile; fileRef = C2916C0518866381005C150E /* Main.storyboard */; };
		C2916C0A18866381005C150E /* HAViewController.m in Sources */ = {isa = PBXBuildFile; fileRef = C2916C0918866381005C150E /* HAViewController.m */; };
		C2916C0C18866381005C150E /* Images.xcassets in Resources */ = {isa = PBXBuildFile; fileRef = C2916C0B18866381005C150E /* Images.xcassets */; };
		C2916C1318866381005C150E /* XCTest.framework in Frameworks */ = {isa = PBXBuildFile; fileRef = C2916C1218866381005C150E /* XCTest.framework */; };
		C2916C1418866381005C150E /* Foundation.framework in Frameworks */ = {isa = PBXBuildFile; fileRef = C2916BF318866381005C150E /* Foundation.framework */; };
		C2916C1518866381005C150E /* UIKit.framework in Frameworks */ = {isa = PBXBuildFile; fileRef = C2916BF718866381005C150E /* UIKit.framework */; };
		C2916C1D18866381005C150E /* InfoPlist.strings in Resources */ = {isa = PBXBuildFile; fileRef = C2916C1B18866381005C150E /* InfoPlist.strings */; };
		C2916C1F18866381005C150E /* StatusbarUnderViewTests.m in Sources */ = {isa = PBXBuildFile; fileRef = C2916C1E18866381005C150E /* StatusbarUnderViewTests.m */; };
/* End PBXBuildFile section */

/* Begin PBXContainerItemProxy section */
		C2916C1618866381005C150E /* PBXContainerItemProxy */ = {
			isa = PBXContainerItemProxy;
			containerPortal = C2916BE818866381005C150E /* Project object */;
			proxyType = 1;
			remoteGlobalIDString = C2916BEF18866381005C150E;
			remoteInfo = StatusbarUnderView;
		};
/* End PBXContainerItemProxy section */

/* Begin PBXFileReference section */
		C2916BF018866381005C150E /* StatusbarUnderView.app */ = {isa = PBXFileReference; explicitFileType = wrapper.application; includeInIndex = 0; path = StatusbarUnderView.app; sourceTree = BUILT_PRODUCTS_DIR; };
		C2916BF318866381005C150E /* Foundation.framework */ = {isa = PBXFileReference; lastKnownFileType = wrapper.framework; name = Foundation.framework; path = System/Library/Frameworks/Foundation.framework; sourceTree = SDKROOT; };
		C2916BF518866381005C150E /* CoreGraphics.framework */ = {isa = PBXFileReference; lastKnownFileType = wrapper.framework; name = CoreGraphics.framework; path = System/Library/Frameworks/CoreGraphics.framework; sourceTree = SDKROOT; };
		C2916BF718866381005C150E /* UIKit.framework */ = {isa = PBXFileReference; lastKnownFileType = wrapper.framework; name = UIKit.framework; path = System/Library/Frameworks/UIKit.framework; sourceTree = SDKROOT; };
		C2916BFB18866381005C150E /* StatusbarUnderView-Info.plist */ = {isa = PBXFileReference; lastKnownFileType = text.plist.xml; path = "StatusbarUnderView-Info.plist"; sourceTree = "<group>"; };
		C2916BFD18866381005C150E /* en */ = {isa = PBXFileReference; lastKnownFileType = text.plist.strings; name = en; path = en.lproj/InfoPlist.strings; sourceTree = "<group>"; };
		C2916BFF18866381005C150E /* main.m */ = {isa = PBXFileReference; lastKnownFileType = sourcecode.c.objc; path = main.m; sourceTree = "<group>"; };
		C2916C0118866381005C150E /* StatusbarUnderView-Prefix.pch */ = {isa = PBXFileReference; lastKnownFileType = sourcecode.c.h; path = "StatusbarUnderView-Prefix.pch"; sourceTree = "<group>"; };
		C2916C0218866381005C150E /* HAAppDelegate.h */ = {isa = PBXFileReference; lastKnownFileType = sourcecode.c.h; path = HAAppDelegate.h; sourceTree = "<group>"; };
		C2916C0318866381005C150E /* HAAppDelegate.m */ = {isa = PBXFileReference; lastKnownFileType = sourcecode.c.objc; path = HAAppDelegate.m; sourceTree = "<group>"; };
		C2916C0618866381005C150E /* Base */ = {isa = PBXFileReference; lastKnownFileType = file.storyboard; name = Base; path = Base.lproj/Main.storyboard; sourceTree = "<group>"; };
		C2916C0818866381005C150E /* HAViewController.h */ = {isa = PBXFileReference; lastKnownFileType = sourcecode.c.h; path = HAViewController.h; sourceTree = "<group>"; };
		C2916C0918866381005C150E /* HAViewController.m */ = {isa = PBXFileReference; lastKnownFileType = sourcecode.c.objc; path = HAViewController.m; sourceTree = "<group>"; };
		C2916C0B18866381005C150E /* Images.xcassets */ = {isa = PBXFileReference; lastKnownFileType = folder.assetcatalog; path = Images.xcassets; sourceTree = "<group>"; };
		C2916C1118866381005C150E /* StatusbarUnderViewTests.xctest */ = {isa = PBXFileReference; explicitFileType = wrapper.cfbundle; includeInIndex = 0; path = StatusbarUnderViewTests.xctest; sourceTree = BUILT_PRODUCTS_DIR; };
		C2916C1218866381005C150E /* XCTest.framework */ = {isa = PBXFileReference; lastKnownFileType = wrapper.framework; name = XCTest.framework; path = Library/Frameworks/XCTest.framework; sourceTree = DEVELOPER_DIR; };
		C2916C1A18866381005C150E /* StatusbarUnderViewTests-Info.plist */ = {isa = PBXFileReference; lastKnownFileType = text.plist.xml; path = "StatusbarUnderViewTests-Info.plist"; sourceTree = "<group>"; };
		C2916C1C18866381005C150E /* en */ = {isa = PBXFileReference; lastKnownFileType = text.plist.strings; name = en; path = en.lproj/InfoPlist.strings; sourceTree = "<group>"; };
		C2916C1E18866381005C150E /* StatusbarUnderViewTests.m */ = {isa = PBXFileReference; lastKnownFileType = sourcecode.c.objc; path = StatusbarUnderViewTests.m; sourceTree = "<group>"; };
/* End PBXFileReference section */

/* Begin PBXFrameworksBuildPhase section */
		C2916BED18866381005C150E /* Frameworks */ = {
			isa = PBXFrameworksBuildPhase;
			buildActionMask = 2147483647;
			files = (
				C2916BF618866381005C150E /* CoreGraphics.framework in Frameworks */,
				C2916BF818866381005C150E /* UIKit.framework in Frameworks */,
				C2916BF418866381005C150E /* Foundation.framework in Frameworks */,
			);
			runOnlyForDeploymentPostprocessing = 0;
		};
		C2916C0E18866381005C150E /* Frameworks */ = {
			isa = PBXFrameworksBuildPhase;
			buildActionMask = 2147483647;
			files = (
				C2916C1318866381005C150E /* XCTest.framework in Frameworks */,
				C2916C1518866381005C150E /* UIKit.framework in Frameworks */,
				C2916C1418866381005C150E /* Foundation.framework in Frameworks */,
			);
			runOnlyForDeploymentPostprocessing = 0;
		};
/* End PBXFrameworksBuildPhase section */

/* Begin PBXGroup section */
		C2916BE718866381005C150E = {
			isa = PBXGroup;
			children = (
				C2916BF918866381005C150E /* StatusbarUnderView */,
				C2916C1818866381005C150E /* StatusbarUnderViewTests */,
				C2916BF218866381005C150E /* Frameworks */,
				C2916BF118866381005C150E /* Products */,
			);
			sourceTree = "<group>";
		};
		C2916BF118866381005C150E /* Products */ = {
			isa = PBXGroup;
			children = (
				C2916BF018866381005C150E /* StatusbarUnderView.app */,
				C2916C1118866381005C150E /* StatusbarUnderViewTests.xctest */,
			);
			name = Products;
			sourceTree = "<group>";
		};
		C2916BF218866381005C150E /* Frameworks */ = {
			isa = PBXGroup;
			children = (
				C2916BF318866381005C150E /* Foundation.framework */,
				C2916BF518866381005C150E /* CoreGraphics.framework */,
				C2916BF718866381005C150E /* UIKit.framework */,
				C2916C1218866381005C150E /* XCTest.framework */,
			);
			name = Frameworks;
			sourceTree = "<group>";
		};
		C2916BF918866381005C150E /* StatusbarUnderView */ = {
			isa = PBXGroup;
			children = (
				C2916C0218866381005C150E /* HAAppDelegate.h */,
				C2916C0318866381005C150E /* HAAppDelegate.m */,
				C2916C0518866381005C150E /* Main.storyboard */,
				C2916C0818866381005C150E /* HAViewController.h */,
				C2916C0918866381005C150E /* HAViewController.m */,
				C2916C0B18866381005C150E /* Images.xcassets */,
				C2916BFA18866381005C150E /* Supporting Files */,
			);
			path = StatusbarUnderView;
			sourceTree = "<group>";
		};
		C2916BFA18866381005C150E /* Supporting Files */ = {
			isa = PBXGroup;
			children = (
				C2916BFB18866381005C150E /* StatusbarUnderView-Info.plist */,
				C2916BFC18866381005C150E /* InfoPlist.strings */,
				C2916BFF18866381005C150E /* main.m */,
				C2916C0118866381005C150E /* StatusbarUnderView-Prefix.pch */,
			);
			name = "Supporting Files";
			sourceTree = "<group>";
		};
		C2916C1818866381005C150E /* StatusbarUnderViewTests */ = {
			isa = PBXGroup;
			children = (
				C2916C1E18866381005C150E /* StatusbarUnderViewTests.m */,
				C2916C1918866381005C150E /* Supporting Files */,
			);
			path = StatusbarUnderViewTests;
			sourceTree = "<group>";
		};
		C2916C1918866381005C150E /* Supporting Files */ = {
			isa = PBXGroup;
			children = (
				C2916C1A18866381005C150E /* StatusbarUnderViewTests-Info.plist */,
				C2916C1B18866381005C150E /* InfoPlist.strings */,
			);
			name = "Supporting Files";
			sourceTree = "<group>";
		};
/* End PBXGroup section */

/* Begin PBXNativeTarget section */
		C2916BEF18866381005C150E /* StatusbarUnderView */ = {
			isa = PBXNativeTarget;
			buildConfigurationList = C2916C2218866382005C150E /* Build configuration list for PBXNativeTarget "StatusbarUnderView" */;
			buildPhases = (
				C2916BEC18866381005C150E /* Sources */,
				C2916BED18866381005C150E /* Frameworks */,
				C2916BEE18866381005C150E /* Resources */,
			);
			buildRules = (
			);
			dependencies = (
			);
			name = StatusbarUnderView;
			productName = StatusbarUnderView;
			productReference = C2916BF018866381005C150E /* StatusbarUnderView.app */;
			productType = "com.apple.product-type.application";
		};
		C2916C1018866381005C150E /* StatusbarUnderViewTests */ = {
			isa = PBXNativeTarget;
			buildConfigurationList = C2916C2518866382005C150E /* Build configuration list for PBXNativeTarget "StatusbarUnderViewTests" */;
			buildPhases = (
				C2916C0D18866381005C150E /* Sources */,
				C2916C0E18866381005C150E /* Frameworks */,
				C2916C0F18866381005C150E /* Resources */,
			);
			buildRules = (
			);
			dependencies = (
				C2916C1718866381005C150E /* PBXTargetDependency */,
			);
			name = StatusbarUnderViewTests;
			productName = StatusbarUnderViewTests;
			productReference = C2916C1118866381005C150E /* StatusbarUnderViewTests.xctest */;
			productType = "com.apple.product-type.bundle.unit-test";
		};
/* End PBXNativeTarget section */

/* Begin PBXProject section */
		C2916BE818866381005C150E /* Project object */ = {
			isa = PBXProject;
			attributes = {
				CLASSPREFIX = HA;
				LastUpgradeCheck = 0500;
				ORGANIZATIONNAME = "Takahiro Nishinobu";
				TargetAttributes = {
					C2916C1018866381005C150E = {
						TestTargetID = C2916BEF18866381005C150E;
					};
				};
			};
			buildConfigurationList = C2916BEB18866381005C150E /* Build configuration list for PBXProject "StatusbarUnderView" */;
			compatibilityVersion = "Xcode 3.2";
			developmentRegion = English;
			hasScannedForEncodings = 0;
			knownRegions = (
				en,
				Base,
			);
			mainGroup = C2916BE718866381005C150E;
			productRefGroup = C2916BF118866381005C150E /* Products */;
			projectDirPath = "";
			projectRoot = "";
			targets = (
				C2916BEF18866381005C150E /* StatusbarUnderView */,
				C2916C1018866381005C150E /* StatusbarUnderViewTests */,
			);
		};
/* End PBXProject section */

/* Begin PBXResourcesBuildPhase section */
		C2916BEE18866381005C150E /* Resources */ = {
			isa = PBXResourcesBuildPhase;
			buildActionMask = 2147483647;
			files = (
				C2916C0C18866381005C150E /* Images.xcassets in Resources */,
				C2916BFE18866381005C150E /* InfoPlist.strings in Resources */,
				C2916C0718866381005C150E /* Main.storyboard in Resources */,
			);
			runOnlyForDeploymentPostprocessing = 0;
		};
		C2916C0F18866381005C150E /* Resources */ = {
			isa = PBXResourcesBuildPhase;
			buildActionMask = 2147483647;
			files = (
				C2916C1D18866381005C150E /* InfoPlist.strings in Resources */,
			);
			runOnlyForDeploymentPostprocessing = 0;
		};
/* End PBXResourcesBuildPhase section */

/* Begin PBXSourcesBuildPhase section */
		C2916BEC18866381005C150E /* Sources */ = {
			isa = PBXSourcesBuildPhase;
			buildActionMask = 2147483647;
			files = (
				C2916C0A18866381005C150E /* HAViewController.m in Sources */,
				C2916C0018866381005C150E /* main.m in Sources */,
				C2916C0418866381005C150E /* HAAppDelegate.m in Sources */,
			);
			runOnlyForDeploymentPostprocessing = 0;
		};
		C2916C0D18866381005C150E /* Sources */ = {
			isa = PBXSourcesBuildPhase;
			buildActionMask = 2147483647;
			files = (
				C2916C1F18866381005C150E /* StatusbarUnderViewTests.m in Sources */,
			);
			runOnlyForDeploymentPostprocessing = 0;
		};
/* End PBXSourcesBuildPhase section */

/* Begin PBXTargetDependency section */
		C2916C1718866381005C150E /* PBXTargetDependency */ = {
			isa = PBXTargetDependency;
			target = C2916BEF18866381005C150E /* StatusbarUnderView */;
			targetProxy = C2916C1618866381005C150E /* PBXContainerItemProxy */;
		};
/* End PBXTargetDependency section */

/* Begin PBXVariantGroup section */
		C2916BFC18866381005C150E /* InfoPlist.strings */ = {
			isa = PBXVariantGroup;
			children = (
				C2916BFD18866381005C150E /* en */,
			);
			name = InfoPlist.strings;
			sourceTree = "<group>";
		};
		C2916C0518866381005C150E /* Main.storyboard */ = {
			isa = PBXVariantGroup;
			children = (
				C2916C0618866381005C150E /* Base */,
			);
			name = Main.storyboard;
			sourceTree = "<group>";
		};
		C2916C1B18866381005C150E /* InfoPlist.strings */ = {
			isa = PBXVariantGroup;
			children = (
				C2916C1C18866381005C150E /* en */,
			);
			name = InfoPlist.strings;
			sourceTree = "<group>";
		};
/* End PBXVariantGroup section */

/* Begin XCBuildConfiguration section */
		C2916C2018866382005C150E /* Debug */ = {
			isa = XCBuildConfiguration;
			buildSettings = {
				ALWAYS_SEARCH_USER_PATHS = NO;
				ARCHS = "$(ARCHS_STANDARD_INCLUDING_64_BIT)";
				CLANG_CXX_LANGUAGE_STANDARD = "gnu++0x";
				CLANG_CXX_LIBRARY = "libc++";
				CLANG_ENABLE_MODULES = YES;
				CLANG_ENABLE_OBJC_ARC = YES;
				CLANG_WARN_BOOL_CONVERSION = YES;
				CLANG_WARN_CONSTANT_CONVERSION = YES;
				CLANG_WARN_DIRECT_OBJC_ISA_USAGE = YES_ERROR;
				CLANG_WARN_EMPTY_BODY = YES;
				CLANG_WARN_ENUM_CONVERSION = YES;
				CLANG_WARN_INT_CONVERSION = YES;
				CLANG_WARN_OBJC_ROOT_CLASS = YES_ERROR;
				CLANG_WARN__DUPLICATE_METHOD_MATCH = YES;
				"CODE_SIGN_IDENTITY[sdk=iphoneos*]" = "iPhone Developer";
				COPY_PHASE_STRIP = NO;
				GCC_C_LANGUAGE_STANDARD = gnu99;
				GCC_DYNAMIC_NO_PIC = NO;
				GCC_OPTIMIZATION_LEVEL = 0;
				GCC_PREPROCESSOR_DEFINITIONS = (
					"DEBUG=1",
					"$(inherited)",
				);
				GCC_SYMBOLS_PRIVATE_EXTERN = NO;
				GCC_WARN_64_TO_32_BIT_CONVERSION = YES;
				GCC_WARN_ABOUT_RETURN_TYPE = YES_ERROR;
				GCC_WARN_UNDECLARED_SELECTOR = YES;
				GCC_WARN_UNINITIALIZED_AUTOS = YES;
				GCC_WARN_UNUSED_FUNCTION = YES;
				GCC_WARN_UNUSED_VARIABLE = YES;
				IPHONEOS_DEPLOYMENT_TARGET = 7.0;
				ONLY_ACTIVE_ARCH = YES;
				SDKROOT = iphoneos;
			};
			name = Debug;
		};
		C2916C2118866382005C150E /* Release */ = {
			isa = XCBuildConfiguration;
			buildSettings = {
				ALWAYS_SEARCH_USER_PATHS = NO;
				ARCHS = "$(ARCHS_STANDARD_INCLUDING_64_BIT)";
				CLANG_CXX_LANGUAGE_STANDARD = "gnu++0x";
				CLANG_CXX_LIBRARY = "libc++";
				CLANG_ENABLE_MODULES = YES;
				CLANG_ENABLE_OBJC_ARC = YES;
				CLANG_WARN_BOOL_CONVERSION = YES;
				CLANG_WARN_CONSTANT_CONVERSION = YES;
				CLANG_WARN_DIRECT_OBJC_ISA_USAGE = YES_ERROR;
				CLANG_WARN_EMPTY_BODY = YES;
				CLANG_WARN_ENUM_CONVERSION = YES;
				CLANG_WARN_INT_CONVERSION = YES;
				CLANG_WARN_OBJC_ROOT_CLASS = YES_ERROR;
				CLANG_WARN__DUPLICATE_METHOD_MATCH = YES;
				"CODE_SIGN_IDENTITY[sdk=iphoneos*]" = "iPhone Developer";
				COPY_PHASE_STRIP = YES;
				ENABLE_NS_ASSERTIONS = NO;
				GCC_C_LANGUAGE_STANDARD = gnu99;
				GCC_WARN_64_TO_32_BIT_CONVERSION = YES;
				GCC_WARN_ABOUT_RETURN_TYPE = YES_ERROR;
				GCC_WARN_UNDECLARED_SELECTOR = YES;
				GCC_WARN_UNINITIALIZED_AUTOS = YES;
				GCC_WARN_UNUSED_FUNCTION = YES;
				GCC_WARN_UNUSED_VARIABLE = YES;
				IPHONEOS_DEPLOYMENT_TARGET = 7.0;
				SDKROOT = iphoneos;
				VALIDATE_PRODUCT = YES;
			};
			name = Release;
		};
		C2916C2318866382005C150E /* Debug */ = {
			isa = XCBuildConfiguration;
			buildSettings = {
				ASSETCATALOG_COMPILER_APPICON_NAME = AppIcon;
				ASSETCATALOG_COMPILER_LAUNCHIMAGE_NAME = LaunchImage;
				GCC_PRECOMPILE_PREFIX_HEADER = YES;
				GCC_PREFIX_HEADER = "StatusbarUnderView/StatusbarUnderView-Prefix.pch";
				INFOPLIST_FILE = "StatusbarUnderView/StatusbarUnderView-Info.plist";
				PRODUCT_NAME = "$(TARGET_NAME)";
				WRAPPER_EXTENSION = app;
			};
			name = Debug;
		};
		C2916C2418866382005C150E /* Release */ = {
			isa = XCBuildConfiguration;
			buildSettings = {
				ASSETCATALOG_COMPILER_APPICON_NAME = AppIcon;
				ASSETCATALOG_COMPILER_LAUNCHIMAGE_NAME = LaunchImage;
				GCC_PRECOMPILE_PREFIX_HEADER = YES;
				GCC_PREFIX_HEADER = "StatusbarUnderView/StatusbarUnderView-Prefix.pch";
				INFOPLIST_FILE = "StatusbarUnderView/StatusbarUnderView-Info.plist";
				PRODUCT_NAME = "$(TARGET_NAME)";
				WRAPPER_EXTENSION = app;
			};
			name = Release;
		};
		C2916C2618866382005C150E /* Debug */ = {
			isa = XCBuildConfiguration;
			buildSettings = {
				ARCHS = "$(ARCHS_STANDARD_INCLUDING_64_BIT)";
				BUNDLE_LOADER = "$(BUILT_PRODUCTS_DIR)/StatusbarUnderView.app/StatusbarUnderView";
				FRAMEWORK_SEARCH_PATHS = (
					"$(SDKROOT)/Developer/Library/Frameworks",
					"$(inherited)",
					"$(DEVELOPER_FRAMEWORKS_DIR)",
				);
				GCC_PRECOMPILE_PREFIX_HEADER = YES;
				GCC_PREFIX_HEADER = "StatusbarUnderView/StatusbarUnderView-Prefix.pch";
				GCC_PREPROCESSOR_DEFINITIONS = (
					"DEBUG=1",
					"$(inherited)",
				);
				INFOPLIST_FILE = "StatusbarUnderViewTests/StatusbarUnderViewTests-Info.plist";
				PRODUCT_NAME = "$(TARGET_NAME)";
				TEST_HOST = "$(BUNDLE_LOADER)";
				WRAPPER_EXTENSION = xctest;
			};
			name = Debug;
		};
		C2916C2718866382005C150E /* Release */ = {
			isa = XCBuildConfiguration;
			buildSettings = {
				ARCHS = "$(ARCHS_STANDARD_INCLUDING_64_BIT)";
				BUNDLE_LOADER = "$(BUILT_PRODUCTS_DIR)/StatusbarUnderView.app/StatusbarUnderView";
				FRAMEWORK_SEARCH_PATHS = (
					"$(SDKROOT)/Developer/Library/Frameworks",
					"$(inherited)",
					"$(DEVELOPER_FRAMEWORKS_DIR)",
				);
				GCC_PRECOMPILE_PREFIX_HEADER = YES;
				GCC_PREFIX_HEADER = "StatusbarUnderView/StatusbarUnderView-Prefix.pch";
				INFOPLIST_FILE = "StatusbarUnderViewTests/StatusbarUnderViewTests-Info.plist";
				PRODUCT_NAME = "$(TARGET_NAME)";
				TEST_HOST = "$(BUNDLE_LOADER)";
				WRAPPER_EXTENSION = xctest;
			};
			name = Release;
		};
/* End XCBuildConfiguration section */

/* Begin XCConfigurationList section */
		C2916BEB18866381005C150E /* Build configuration list for PBXProject "StatusbarUnderView" */ = {
			isa = XCConfigurationList;
			buildConfigurations = (
				C2916C2018866382005C150E /* Debug */,
				C2916C2118866382005C150E /* Release */,
			);
			defaultConfigurationIsVisible = 0;
			defaultConfigurationName = Release;
		};
		C2916C2218866382005C150E /* Build configuration list for PBXNativeTarget "StatusbarUnderView" */ = {
			isa = XCConfigurationList;
			buildConfigurations = (
				C2916C2318866382005C150E /* Debug */,
				C2916C2418866382005C150E /* Release */,
			);
			defaultConfigurationIsVisible = 0;
		};
		C2916C2518866382005C150E /* Build configuration list for PBXNativeTarget "StatusbarUnderViewTests" */ = {
			isa = XCConfigurationList;
			buildConfigurations = (
				C2916C2618866382005C150E /* Debug */,
				C2916C2718866382005C150E /* Release */,
			);
			defaultConfigurationIsVisible = 0;
		};
/* End XCConfigurationList section */
	};
	rootObject = C2916BE818866381005C150E /* Project object */;
}
